
Microsoft Visual Studio Solution File, Format Version 12.00
# Visual Studio Version 17
VisualStudioVersion = 17.2.32616.157
MinimumVisualStudioVersion = 10.0.40219.1
Project("{FAE04EC0-301F-11D3-BF4B-00C04F79EFBC}") = "Lab5", "Lab5.csproj", "{BF701613-6972-4475-AA4D-1B3C353A27F4}"
EndProject
Global
	GlobalSection(SolutionConfigurationPlatforms) = preSolution
		Debug|Any CPU = Debug|Any CPU
		Release|Any CPU = Release|Any CPU
	EndGlobalSection
	GlobalSection(ProjectConfigurationPlatforms) = postSolution
		{BF701613-6972-4475-AA4D-1B3C353A27F4}.Debug|Any CPU.ActiveCfg = Debug|Any CPU
		{BF701613-6972-4475-AA4D-1B3C353A27F4}.Debug|Any CPU.Build.0 = Debug|Any CPU
		{BF701613-6972-4475-AA4D-1B3C353A27F4}.Release|Any CPU.ActiveCfg = Release|Any CPU
		{BF701613-6972-4475-AA4D-1B3C353A27F4}.Release|Any CPU.Build.0 = Release|Any CPU
	EndGlobalSection
	GlobalSection(SolutionProperties) = preSolution
		HideSolutionNode = FALSE
	EndGlobalSection
	GlobalSection(ExtensibilityGlobals) = postSolution
		SolutionGuid = {CC869A8B-84AA-46B9-80C0-CF0D5E8734F0}
	EndGlobalSection
EndGlobal
