
Microsoft Visual Studio Solution File, Format Version 12.00
# Visual Studio Version 17
VisualStudioVersion = 17.3.32804.467
MinimumVisualStudioVersion = 10.0.40219.1
Project("{FAE04EC0-301F-11D3-BF4B-00C04F79EFBC}") = "FinalProject", "FinalProject.csproj", "{0053B56C-2529-4783-83A0-E42850E85AFE}"
EndProject
Global
	GlobalSection(SolutionConfigurationPlatforms) = preSolution
		Debug|Any CPU = Debug|Any CPU
		Release|Any CPU = Release|Any CPU
	EndGlobalSection
	GlobalSection(ProjectConfigurationPlatforms) = postSolution
		{0053B56C-2529-4783-83A0-E42850E85AFE}.Debug|Any CPU.ActiveCfg = Debug|Any CPU
		{0053B56C-2529-4783-83A0-E42850E85AFE}.Debug|Any CPU.Build.0 = Debug|Any CPU
		{0053B56C-2529-4783-83A0-E42850E85AFE}.Release|Any CPU.ActiveCfg = Release|Any CPU
		{0053B56C-2529-4783-83A0-E42850E85AFE}.Release|Any CPU.Build.0 = Release|Any CPU
	EndGlobalSection
	GlobalSection(SolutionProperties) = preSolution
		HideSolutionNode = FALSE
	EndGlobalSection
	GlobalSection(ExtensibilityGlobals) = postSolution
		SolutionGuid = {1632C63D-9CC7-4BD9-BCA0-84ED98EBD63C}
	EndGlobalSection
EndGlobal
